PODS:
  - flutter_local_notifications (0.0.1):
    - FlutterMacOS
  - FlutterMacOS (1.0.0)
  - nimona (0.0.6):
    - FlutterMacOS
  - path_provider_macos (0.0.1):
    - FlutterMacOS
  - shared_preferences_macos (0.0.1):
    - FlutterMacOS
  - Sparkle (1.24.0)

DEPENDENCIES:
  - flutter_local_notifications (from `Flutter/ephemeral/.symlinks/plugins/flutter_local_notifications/macos`)
  - FlutterMacOS (from `Flutter/ephemeral`)
  - nimona (from `Flutter/ephemeral/.symlinks/plugins/nimona/macos`)
  - path_provider_macos (from `Flutter/ephemeral/.symlinks/plugins/path_provider_macos/macos`)
  - shared_preferences_macos (from `Flutter/ephemeral/.symlinks/plugins/shared_preferences_macos/macos`)
  - Sparkle

SPEC REPOS:
  trunk:
    - Sparkle

EXTERNAL SOURCES:
  flutter_local_notifications:
    :path: Flutter/ephemeral/.symlinks/plugins/flutter_local_notifications/macos
  FlutterMacOS:
    :path: Flutter/ephemeral
  nimona:
    :path: Flutter/ephemeral/.symlinks/plugins/nimona/macos
  path_provider_macos:
    :path: Flutter/ephemeral/.symlinks/plugins/path_provider_macos/macos
  shared_preferences_macos:
    :path: Flutter/ephemeral/.symlinks/plugins/shared_preferences_macos/macos

SPEC CHECKSUMS:
  flutter_local_notifications: 3805ca215b2fb7f397d78b66db91f6a747af52e4
  FlutterMacOS: 57701585bf7de1b3fc2bb61f6378d73bbdea8424
  nimona: 77707a011a7feee0721a4b2eccb78a9ceff7b8c9
  path_provider_macos: a0a3fd666cb7cd0448e936fb4abad4052961002b
  shared_preferences_macos: 480ce071d0666e37cef23fe6c702293a3d21799e
  Sparkle: 270cd27377bf04e9c128af06e3a22d0f572d6ee3

PODFILE CHECKSUM: 1cf777505071119d79dc6649e6359144e549aa7a

COCOAPODS: 1.9.3
